// !$*UTF8*$!
{
	archiveVersion = 1;
	classes = {
	};
	objectVersion = 50;
	objects = {

/* Begin PBXBuildFile section */
		FFF231132386D4AA00BEE7F7 /* AppDelegate.swift in Sources */ = {isa = PBXBuildFile; fileRef = FFF231122386D4AA00BEE7F7 /* AppDelegate.swift */; };
		FFF231152386D4AA00BEE7F7 /* ViewController.swift in Sources */ = {isa = PBXBuildFile; fileRef = FFF231142386D4AA00BEE7F7 /* ViewController.swift */; };
		FFF231182386D4AA00BEE7F7 /* Main.storyboard in Resources */ = {isa = PBXBuildFile; fileRef = FFF231162386D4AA00BEE7F7 /* Main.storyboard */; };
		FFF2311A2386D4AB00BEE7F7 /* Assets.xcassets in Resources */ = {isa = PBXBuildFile; fileRef = FFF231192386D4AB00BEE7F7 /* Assets.xcassets */; };
		FFF2311D2386D4AB00BEE7F7 /* LaunchScreen.storyboard in Resources */ = {isa = PBXBuildFile; fileRef = FFF2311B2386D4AB00BEE7F7 /* LaunchScreen.storyboard */; };
		FFF231262386D78500BEE7F7 /* WebKit.framework in Frameworks */ = {isa = PBXBuildFile; fileRef = FFF231252386D78500BEE7F7 /* WebKit.framework */; };
/* End PBXBuildFile section */

/* Begin PBXFileReference section */
		FFF2310F2386D4AA00BEE7F7 /* DynamicWebHeight.app */ = {isa = PBXFileReference; explicitFileType = wrapper.application; includeInIndex = 0; path = DynamicWebHeight.app; sourceTree = BUILT_PRODUCTS_DIR; };
		FFF231122386D4AA00BEE7F7 /* AppDelegate.swift */ = {isa = PBXFileReference; lastKnownFileType = sourcecode.swift; path = AppDelegate.swift; sourceTree = "<group>"; };
		FFF231142386D4AA00BEE7F7 /* ViewController.swift */ = {isa = PBXFileReference; lastKnownFileType = sourcecode.swift; path = ViewController.swift; sourceTree = "<group>"; };
		FFF231172386D4AA00BEE7F7 /* Base */ = {isa = PBXFileReference; lastKnownFileType = file.storyboard; name = Base; path = Base.lproj/Main.storyboard; sourceTree = "<group>"; };
		FFF231192386D4AB00BEE7F7 /* Assets.xcassets */ = {isa = PBXFileReference; lastKnownFileType = folder.assetcatalog; path = Assets.xcassets; sourceTree = "<group>"; };
		FFF2311C2386D4AB00BEE7F7 /* Base */ = {isa = PBXFileReference; lastKnownFileType = file.storyboard; name = Base; path = Base.lproj/LaunchScreen.storyboard; sourceTree = "<group>"; };
		FFF2311E2386D4AB00BEE7F7 /* Info.plist */ = {isa = PBXFileReference; lastKnownFileType = text.plist.xml; path = Info.plist; sourceTree = "<group>"; };
		FFF231252386D78500BEE7F7 /* WebKit.framework */ = {isa = PBXFileReference; lastKnownFileType = wrapper.framework; name = WebKit.framework; path = System/Library/Frameworks/WebKit.framework; sourceTree = SDKROOT; };
/* End PBXFileReference section */

/* Begin PBXFrameworksBuildPhase section */
		FFF2310C2386D4AA00BEE7F7 /* Frameworks */ = {
			isa = PBXFrameworksBuildPhase;
			buildActionMask = 2147483647;
			files = (
				FFF231262386D78500BEE7F7 /* WebKit.framework in Frameworks */,
			);
			runOnlyForDeploymentPostprocessing = 0;
		};
/* End PBXFrameworksBuildPhase section */

/* Begin PBXGroup section */
		FFF231062386D4AA00BEE7F7 = {
			isa = PBXGroup;
			children = (
				FFF231112386D4AA00BEE7F7 /* DynamicWebHeight */,
				FFF231102386D4AA00BEE7F7 /* Products */,
				FFF231242386D78500BEE7F7 /* Frameworks */,
			);
			sourceTree = "<group>";
		};
		FFF231102386D4AA00BEE7F7 /* Products */ = {
			isa = PBXGroup;
			children = (
				FFF2310F2386D4AA00BEE7F7 /* DynamicWebHeight.app */,
			);
			name = Products;
			sourceTree = "<group>";
		};
		FFF231112386D4AA00BEE7F7 /* DynamicWebHeight */ = {
			isa = PBXGroup;
			children = (
				FFF231122386D4AA00BEE7F7 /* AppDelegate.swift */,
				FFF231142386D4AA00BEE7F7 /* ViewController.swift */,
				FFF231162386D4AA00BEE7F7 /* Main.storyboard */,
				FFF231192386D4AB00BEE7F7 /* Assets.xcassets */,
				FFF2311B2386D4AB00BEE7F7 /* LaunchScreen.storyboard */,
				FFF2311E2386D4AB00BEE7F7 /* Info.plist */,
			);
			path = DynamicWebHeight;
			sourceTree = "<group>";
		};
		FFF231242386D78500BEE7F7 /* Frameworks */ = {
			isa = PBXGroup;
			children = (
				FFF231252386D78500BEE7F7 /* WebKit.framework */,
			);
			name = Frameworks;
			sourceTree = "<group>";
		};
/* End PBXGroup section */

/* Begin PBXNativeTarget section */
		FFF2310E2386D4AA00BEE7F7 /* DynamicWebHeight */ = {
			isa = PBXNativeTarget;
			buildConfigurationList = FFF231212386D4AB00BEE7F7 /* Build configuration list for PBXNativeTarget "DynamicWebHeight" */;
			buildPhases = (
				FFF2310B2386D4AA00BEE7F7 /* Sources */,
				FFF2310C2386D4AA00BEE7F7 /* Frameworks */,
				FFF2310D2386D4AA00BEE7F7 /* Resources */,
			);
			buildRules = (
			);
			dependencies = (
			);
			name = DynamicWebHeight;
			productName = DynamicWebHeight;
			productReference = FFF2310F2386D4AA00BEE7F7 /* DynamicWebHeight.app */;
			productType = "com.apple.product-type.application";
		};
/* End PBXNativeTarget section */

/* Begin PBXProject section */
		FFF231072386D4AA00BEE7F7 /* Project object */ = {
			isa = PBXProject;
			attributes = {
				LastSwiftUpdateCheck = 1020;
				LastUpgradeCheck = 1020;
				ORGANIZATIONNAME = "Afriyandi Setiawan";
				TargetAttributes = {
					FFF2310E2386D4AA00BEE7F7 = {
						CreatedOnToolsVersion = 10.2.1;
					};
				};
			};
			buildConfigurationList = FFF2310A2386D4AA00BEE7F7 /* Build configuration list for PBXProject "DynamicWebHeight" */;
			compatibilityVersion = "Xcode 9.3";
			developmentRegion = en;
			hasScannedForEncodings = 0;
			knownRegions = (
				en,
				Base,
			);
			mainGroup = FFF231062386D4AA00BEE7F7;
			productRefGroup = FFF231102386D4AA00BEE7F7 /* Products */;
			projectDirPath = "";
			projectRoot = "";
			targets = (
				FFF2310E2386D4AA00BEE7F7 /* DynamicWebHeight */,
			);
		};
/* End PBXProject section */

/* Begin PBXResourcesBuildPhase section */
		FFF2310D2386D4AA00BEE7F7 /* Resources */ = {
			isa = PBXResourcesBuildPhase;
			buildActionMask = 2147483647;
			files = (
				FFF2311D2386D4AB00BEE7F7 /* LaunchScreen.storyboard in Resources */,
				FFF2311A2386D4AB00BEE7F7 /* Assets.xcassets in Resources */,
				FFF231182386D4AA00BEE7F7 /* Main.storyboard in Resources */,
			);
			runOnlyForDeploymentPostprocessing = 0;
		};
/* End PBXResourcesBuildPhase section */

/* Begin PBXSourcesBuildPhase section */
		FFF2310B2386D4AA00BEE7F7 /* Sources */ = {
			isa = PBXSourcesBuildPhase;
			buildActionMask = 2147483647;
			files = (
				FFF231152386D4AA00BEE7F7 /* ViewController.swift in Sources */,
				FFF231132386D4AA00BEE7F7 /* AppDelegate.swift in Sources */,
			);
			runOnlyForDeploymentPostprocessing = 0;
		};
/* End PBXSourcesBuildPhase section */

/* Begin PBXVariantGroup section */
		FFF231162386D4AA00BEE7F7 /* Main.storyboard */ = {
			isa = PBXVariantGroup;
			children = (
				FFF231172386D4AA00BEE7F7 /* Base */,
			);
			name = Main.storyboard;
			sourceTree = "<group>";
		};
		FFF2311B2386D4AB00BEE7F7 /* LaunchScreen.storyboard */ = {
			isa = PBXVariantGroup;
			children = (
				FFF2311C2386D4AB00BEE7F7 /* Base */,
			);
			name = LaunchScreen.storyboard;
			sourceTree = "<group>";
		};
/* End PBXVariantGroup section */

/* Begin XCBuildConfiguration section */
		FFF2311F2386D4AB00BEE7F7 /* Debug */ = {
			isa = XCBuildConfiguration;
			buildSettings = {
				ALWAYS_SEARCH_USER_PATHS = NO;
				CLANG_ANALYZER_NONNULL = YES;
				CLANG_ANALYZER_NUMBER_OBJECT_CONVERSION = YES_AGGRESSIVE;
				CLANG_CXX_LANGUAGE_STANDARD = "gnu++14";
				CLANG_CXX_LIBRARY = "libc++";
				CLANG_ENABLE_MODULES = YES;
				CLANG_ENABLE_OBJC_ARC = YES;
				CLANG_ENABLE_OBJC_WEAK = YES;
				CLANG_WARN_BLOCK_CAPTURE_AUTORELEASING = YES;
				CLANG_WARN_BOOL_CONVERSION = YES;
				CLANG_WARN_COMMA = YES;
				CLANG_WARN_CONSTANT_CONVERSION = YES;
				CLANG_WARN_DEPRECATED_OBJC_IMPLEMENTATIONS = YES;
				CLANG_WARN_DIRECT_OBJC_ISA_USAGE = YES_ERROR;
				CLANG_WARN_DOCUMENTATION_COMMENTS = YES;
				CLANG_WARN_EMPTY_BODY = YES;
				CLANG_WARN_ENUM_CONVERSION = YES;
				CLANG_WARN_INFINITE_RECURSION = YES;
				CLANG_WARN_INT_CONVERSION = YES;
				CLANG_WARN_NON_LITERAL_NULL_CONVERSION = YES;
				CLANG_WARN_OBJC_IMPLICIT_RETAIN_SELF = YES;
				CLANG_WARN_OBJC_LITERAL_CONVERSION = YES;
				CLANG_WARN_OBJC_ROOT_CLASS = YES_ERROR;
				CLANG_WARN_RANGE_LOOP_ANALYSIS = YES;
				CLANG_WARN_STRICT_PROTOTYPES = YES;
				CLANG_WARN_SUSPICIOUS_MOVE = YES;
				CLANG_WARN_UNGUARDED_AVAILABILITY = YES_AGGRESSIVE;
				CLANG_WARN_UNREACHABLE_CODE = YES;
				CLANG_WARN__DUPLICATE_METHOD_MATCH = YES;
				CODE_SIGN_IDENTITY = "iPhone Developer";
				COPY_PHASE_STRIP = NO;
				DEBUG_INFORMATION_FORMAT = dwarf;
				ENABLE_STRICT_OBJC_MSGSEND = YES;
				ENABLE_TESTABILITY = YES;
				GCC_C_LANGUAGE_STANDARD = gnu11;
				GCC_DYNAMIC_NO_PIC = NO;
				GCC_NO_COMMON_BLOCKS = YES;
				GCC_OPTIMIZATION_LEVEL = 0;
				GCC_PREPROCESSOR_DEFINITIONS = (
					"DEBUG=1",
					"$(inherited)",
				);
				GCC_WARN_64_TO_32_BIT_CONVERSION = YES;
				GCC_WARN_ABOUT_RETURN_TYPE = YES_ERROR;
				GCC_WARN_UNDECLARED_SELECTOR = YES;
				GCC_WARN_UNINITIALIZED_AUTOS = YES_AGGRESSIVE;
				GCC_WARN_UNUSED_FUNCTION = YES;
				GCC_WARN_UNUSED_VARIABLE = YES;
				IPHONEOS_DEPLOYMENT_TARGET = 12.2;
				MTL_ENABLE_DEBUG_INFO = INCLUDE_SOURCE;
				MTL_FAST_MATH = YES;
				ONLY_ACTIVE_ARCH = YES;
				SDKROOT = iphoneos;
				SWIFT_ACTIVE_COMPILATION_CONDITIONS = DEBUG;
				SWIFT_OPTIMIZATION_LEVEL = "-Onone";
			};
			name = Debug;
		};
		FFF231202386D4AB00BEE7F7 /* Release */ = {
			isa = XCBuildConfiguration;
			buildSettings = {
				ALWAYS_SEARCH_USER_PATHS = NO;
				CLANG_ANALYZER_NONNULL = YES;
				CLANG_ANALYZER_NUMBER_OBJECT_CONVERSION = YES_AGGRESSIVE;
				CLANG_CXX_LANGUAGE_STANDARD = "gnu++14";
				CLANG_CXX_LIBRARY = "libc++";
				CLANG_ENABLE_MODULES = YES;
				CLANG_ENABLE_OBJC_ARC = YES;
				CLANG_ENABLE_OBJC_WEAK = YES;
				CLANG_WARN_BLOCK_CAPTURE_AUTORELEASING = YES;
				CLANG_WARN_BOOL_CONVERSION = YES;
				CLANG_WARN_COMMA = YES;
				CLANG_WARN_CONSTANT_CONVERSION = YES;
				CLANG_WARN_DEPRECATED_OBJC_IMPLEMENTATIONS = YES;
				CLANG_WARN_DIRECT_OBJC_ISA_USAGE = YES_ERROR;
				CLANG_WARN_DOCUMENTATION_COMMENTS = YES;
				CLANG_WARN_EMPTY_BODY = YES;
				CLANG_WARN_ENUM_CONVERSION = YES;
				CLANG_WARN_INFINITE_RECURSION = YES;
				CLANG_WARN_INT_CONVERSION = YES;
				CLANG_WARN_NON_LITERAL_NULL_CONVERSION = YES;
				CLANG_WARN_OBJC_IMPLICIT_RETAIN_SELF = YES;
				CLANG_WARN_OBJC_LITERAL_CONVERSION = YES;
				CLANG_WARN_OBJC_ROOT_CLASS = YES_ERROR;
				CLANG_WARN_RANGE_LOOP_ANALYSIS = YES;
				CLANG_WARN_STRICT_PROTOTYPES = YES;
				CLANG_WARN_SUSPICIOUS_MOVE = YES;
				CLANG_WARN_UNGUARDED_AVAILABILITY = YES_AGGRESSIVE;
				CLANG_WARN_UNREACHABLE_CODE = YES;
				CLANG_WARN__DUPLICATE_METHOD_MATCH = YES;
				CODE_SIGN_IDENTITY = "iPhone Developer";
				COPY_PHASE_STRIP = NO;
				DEBUG_INFORMATION_FORMAT = "dwarf-with-dsym";
				ENABLE_NS_ASSERTIONS = NO;
				ENABLE_STRICT_OBJC_MSGSEND = YES;
				GCC_C_LANGUAGE_STANDARD = gnu11;
				GCC_NO_COMMON_BLOCKS = YES;
				GCC_WARN_64_TO_32_BIT_CONVERSION = YES;
				GCC_WARN_ABOUT_RETURN_TYPE = YES_ERROR;
				GCC_WARN_UNDECLARED_SELECTOR = YES;
				GCC_WARN_UNINITIALIZED_AUTOS = YES_AGGRESSIVE;
				GCC_WARN_UNUSED_FUNCTION = YES;
				GCC_WARN_UNUSED_VARIABLE = YES;
				IPHONEOS_DEPLOYMENT_TARGET = 12.2;
				MTL_ENABLE_DEBUG_INFO = NO;
				MTL_FAST_MATH = YES;
				SDKROOT = iphoneos;
				SWIFT_COMPILATION_MODE = wholemodule;
				SWIFT_OPTIMIZATION_LEVEL = "-O";
				VALIDATE_PRODUCT = YES;
			};
			name = Release;
		};
		FFF231222386D4AB00BEE7F7 /* Debug */ = {
			isa = XCBuildConfiguration;
			buildSettings = {
				ASSETCATALOG_COMPILER_APPICON_NAME = AppIcon;
				CODE_SIGN_STYLE = Automatic;
				DEVELOPMENT_TEAM = ZPCKLQ2467;
				INFOPLIST_FILE = DynamicWebHeight/Info.plist;
				LD_RUNPATH_SEARCH_PATHS = (
					"$(inherited)",
					"@executable_path/Frameworks",
				);
				PRODUCT_BUNDLE_IDENTIFIER = phe.at.work..DynamicWebHeight;
				PRODUCT_NAME = "$(TARGET_NAME)";
				SWIFT_VERSION = 5.0;
				TARGETED_DEVICE_FAMILY = "1,2";
			};
			name = Debug;
		};
		FFF231232386D4AB00BEE7F7 /* Release */ = {
			isa = XCBuildConfiguration;
			buildSettings = {
				ASSETCATALOG_COMPILER_APPICON_NAME = AppIcon;
				CODE_SIGN_STYLE = Automatic;
				DEVELOPMENT_TEAM = ZPCKLQ2467;
				INFOPLIST_FILE = DynamicWebHeight/Info.plist;
				LD_RUNPATH_SEARCH_PATHS = (
					"$(inherited)",
					"@executable_path/Frameworks",
				);
				PRODUCT_BUNDLE_IDENTIFIER = phe.at.work..DynamicWebHeight;
				PRODUCT_NAME = "$(TARGET_NAME)";
				SWIFT_VERSION = 5.0;
				TARGETED_DEVICE_FAMILY = "1,2";
			};
			name = Release;
		};
/* End XCBuildConfiguration section */

/* Begin XCConfigurationList section */
		FFF2310A2386D4AA00BEE7F7 /* Build configuration list for PBXProject "DynamicWebHeight" */ = {
			isa = XCConfigurationList;
			buildConfigurations = (
				FFF2311F2386D4AB00BEE7F7 /* Debug */,
				FFF231202386D4AB00BEE7F7 /* Release */,
			);
			defaultConfigurationIsVisible = 0;
			defaultConfigurationName = Release;
		};
		FFF231212386D4AB00BEE7F7 /* Build configuration list for PBXNativeTarget "DynamicWebHeight" */ = {
			isa = XCConfigurationList;
			buildConfigurations = (
				FFF231222386D4AB00BEE7F7 /* Debug */,
				FFF231232386D4AB00BEE7F7 /* Release */,
			);
			defaultConfigurationIsVisible = 0;
			defaultConfigurationName = Release;
		};
/* End XCConfigurationList section */
	};
	rootObject = FFF231072386D4AA00BEE7F7 /* Project object */;
}
